
Microsoft Visual Studio Solution File, Format Version 11.00
# Visual Studio 2010
Project("{2150E333-8FDC-42A3-9474-1A3956D46DE8}") = "Tests", "Tests", "{4C6700A2-82EF-4C3F-8900-232449815A1B}"
EndProject
Project("{2150E333-8FDC-42A3-9474-1A3956D46DE8}") = "Source", "Source", "{98D96A98-A529-4423-9413-E6F92A491D6A}"
EndProject
Project("{FAE04EC0-301F-11D3-BF4B-00C04F79EFBC}") = "Byte.Terrastructor.Heightmap", "Byte.Terrastructor.Heightmap\Byte.Terrastructor.Heightmap.csproj", "{9CCB0CB4-2983-432F-BC43-6F805FA40622}"
EndProject
Project("{FAE04EC0-301F-11D3-BF4B-00C04F79EFBC}") = "Byte.Terrastructor.Heightmap.Tests", "Byte.Terrastructor.Heightmap.Tests\Byte.Terrastructor.Heightmap.Tests.csproj", "{28FC8743-B8ED-46D5-BD01-171F96544AEA}"
EndProject
Project("{2150E333-8FDC-42A3-9474-1A3956D46DE8}") = ".nuget", ".nuget", "{CBE27BF7-31E4-4391-B3A9-5AF6EEB646C8}"
	ProjectSection(SolutionItems) = preProject
		.nuget\NuGet.exe = .nuget\NuGet.exe
		.nuget\NuGet.targets = .nuget\NuGet.targets
	EndProjectSection
EndProject
Global
	GlobalSection(SolutionConfigurationPlatforms) = preSolution
		Debug|Any CPU = Debug|Any CPU
		Release|Any CPU = Release|Any CPU
	EndGlobalSection
	GlobalSection(ProjectConfigurationPlatforms) = postSolution
		{9CCB0CB4-2983-432F-BC43-6F805FA40622}.Debug|Any CPU.ActiveCfg = Debug|Any CPU
		{9CCB0CB4-2983-432F-BC43-6F805FA40622}.Debug|Any CPU.Build.0 = Debug|Any CPU
		{9CCB0CB4-2983-432F-BC43-6F805FA40622}.Release|Any CPU.ActiveCfg = Release|Any CPU
		{9CCB0CB4-2983-432F-BC43-6F805FA40622}.Release|Any CPU.Build.0 = Release|Any CPU
		{28FC8743-B8ED-46D5-BD01-171F96544AEA}.Debug|Any CPU.ActiveCfg = Debug|Any CPU
		{28FC8743-B8ED-46D5-BD01-171F96544AEA}.Debug|Any CPU.Build.0 = Debug|Any CPU
		{28FC8743-B8ED-46D5-BD01-171F96544AEA}.Release|Any CPU.ActiveCfg = Release|Any CPU
		{28FC8743-B8ED-46D5-BD01-171F96544AEA}.Release|Any CPU.Build.0 = Release|Any CPU
	EndGlobalSection
	GlobalSection(SolutionProperties) = preSolution
		HideSolutionNode = FALSE
	EndGlobalSection
	GlobalSection(NestedProjects) = preSolution
		{28FC8743-B8ED-46D5-BD01-171F96544AEA} = {4C6700A2-82EF-4C3F-8900-232449815A1B}
		{9CCB0CB4-2983-432F-BC43-6F805FA40622} = {98D96A98-A529-4423-9413-E6F92A491D6A}
	EndGlobalSection
EndGlobal
